
Microsoft Visual Studio Solution File, Format Version 12.00
# Visual Studio Version 16
VisualStudioVersion = 16.0.30621.155
MinimumVisualStudioVersion = 10.0.40219.1
Project("{FAE04EC0-301F-11D3-BF4B-00C04F79EFBC}") = "VaultBot", "VaultBot\VaultBot.csproj", "{9A501E22-9804-4217-97B1-1A943368EE17}"
EndProject
Project("{FAE04EC0-301F-11D3-BF4B-00C04F79EFBC}") = "VaultBotTests", "VaultBotTests\VaultBotTests.csproj", "{8BAE157B-008D-4B74-9A35-07DEE26614A4}"
EndProject
Global
	GlobalSection(SolutionConfigurationPlatforms) = preSolution
		Debug|Any CPU = Debug|Any CPU
		Release|Any CPU = Release|Any CPU
	EndGlobalSection
	GlobalSection(ProjectConfigurationPlatforms) = postSolution
		{9A501E22-9804-4217-97B1-1A943368EE17}.Debug|Any CPU.ActiveCfg = Debug|Any CPU
		{9A501E22-9804-4217-97B1-1A943368EE17}.Debug|Any CPU.Build.0 = Debug|Any CPU
		{9A501E22-9804-4217-97B1-1A943368EE17}.Release|Any CPU.ActiveCfg = Release|Any CPU
		{9A501E22-9804-4217-97B1-1A943368EE17}.Release|Any CPU.Build.0 = Release|Any CPU
		{8BAE157B-008D-4B74-9A35-07DEE26614A4}.Debug|Any CPU.ActiveCfg = Debug|Any CPU
		{8BAE157B-008D-4B74-9A35-07DEE26614A4}.Debug|Any CPU.Build.0 = Debug|Any CPU
		{8BAE157B-008D-4B74-9A35-07DEE26614A4}.Release|Any CPU.ActiveCfg = Release|Any CPU
		{8BAE157B-008D-4B74-9A35-07DEE26614A4}.Release|Any CPU.Build.0 = Release|Any CPU
	EndGlobalSection
	GlobalSection(SolutionProperties) = preSolution
		HideSolutionNode = FALSE
	EndGlobalSection
	GlobalSection(ExtensibilityGlobals) = postSolution
		SolutionGuid = {18C9B712-380B-46D3-8545-407AFBA9BB1E}
	EndGlobalSection
EndGlobal
